
Microsoft Visual Studio Solution File, Format Version 12.00
# Visual Studio 2012
Project("{FAE04EC0-301F-11D3-BF4B-00C04F79EFBC}") = "EHR.UI", "EHR.UI\EHR.UI.csproj", "{5E76475E-61B8-4A1F-85EE-165FD9E6D751}"
EndProject
Global
	GlobalSection(SolutionConfigurationPlatforms) = preSolution
		Debug|Any CPU = Debug|Any CPU
		Release|Any CPU = Release|Any CPU
	EndGlobalSection
	GlobalSection(ProjectConfigurationPlatforms) = postSolution
		{5E76475E-61B8-4A1F-85EE-165FD9E6D751}.Debug|Any CPU.ActiveCfg = Debug|Any CPU
		{5E76475E-61B8-4A1F-85EE-165FD9E6D751}.Debug|Any CPU.Build.0 = Debug|Any CPU
		{5E76475E-61B8-4A1F-85EE-165FD9E6D751}.Release|Any CPU.ActiveCfg = Release|Any CPU
		{5E76475E-61B8-4A1F-85EE-165FD9E6D751}.Release|Any CPU.Build.0 = Release|Any CPU
	EndGlobalSection
	GlobalSection(SolutionProperties) = preSolution
		HideSolutionNode = FALSE
	EndGlobalSection
EndGlobal
